{
  "version": 4,
  "terraform_version": "1.0.5",
  "serial": 1,
  "lineage": "89852fdc-5a2f-8968-88a6-f2544d424c00",
  "outputs": {},
  "resources": [
    {
      "mode": "managed",
      "type": "local_file",
      "name": "basic_file",
      "provider": "provider[\"registry.terraform.io/hashicorp/local\"]",
      "instances": [
        {
          "schema_version": 0,
          "attributes": {
            "content": "This is my first terraform file",
            "content_base64": null,
            "directory_permission": "0777",
            "file_permission": "0777",
            "filename": "./basic_file.txt",
            "id": "041c66652d00ebfee2fd9f498a314d57ec8464e1",
            "sensitive_content": null,
            "source": null
          },
          "sensitive_attributes": [],
          "private": "bnVsbA=="
        }
      ]
    }
  ]
}
